
Microsoft Visual Studio Solution File, Format Version 12.00
Project("{FAE04EC0-301F-11D3-BF4B-00C04F79EFBC}") = "ConsoleApp", "ConsoleApp\ConsoleApp.csproj", "{7732E324-D81B-49B4-B08E-B7A43C3AB91F}"
EndProject
Project("{FAE04EC0-301F-11D3-BF4B-00C04F79EFBC}") = "ConsoleApp.Tests", "ConsoleApp.Tests\ConsoleApp.Tests.csproj", "{337B9E66-9559-4FBA-9719-35063D24D0FB}"
EndProject
Global
	GlobalSection(SolutionConfigurationPlatforms) = preSolution
		Debug|Any CPU = Debug|Any CPU
		Release|Any CPU = Release|Any CPU
	EndGlobalSection
	GlobalSection(ProjectConfigurationPlatforms) = postSolution
		{7732E324-D81B-49B4-B08E-B7A43C3AB91F}.Debug|Any CPU.ActiveCfg = Debug|Any CPU
		{7732E324-D81B-49B4-B08E-B7A43C3AB91F}.Debug|Any CPU.Build.0 = Debug|Any CPU
		{7732E324-D81B-49B4-B08E-B7A43C3AB91F}.Release|Any CPU.ActiveCfg = Release|Any CPU
		{7732E324-D81B-49B4-B08E-B7A43C3AB91F}.Release|Any CPU.Build.0 = Release|Any CPU
		{337B9E66-9559-4FBA-9719-35063D24D0FB}.Debug|Any CPU.ActiveCfg = Debug|Any CPU
		{337B9E66-9559-4FBA-9719-35063D24D0FB}.Debug|Any CPU.Build.0 = Debug|Any CPU
		{337B9E66-9559-4FBA-9719-35063D24D0FB}.Release|Any CPU.ActiveCfg = Release|Any CPU
		{337B9E66-9559-4FBA-9719-35063D24D0FB}.Release|Any CPU.Build.0 = Release|Any CPU
	EndGlobalSection
EndGlobal
