{
  "version": 1,
  "dependencies": {
    ".NETCoreApp,Version=v3.1": {
      "IdentityModel": {
        "type": "Direct",
        "requested": "[4.4.0, )",
        "resolved": "4.4.0",
        "contentHash": "b18wrIx5wnZlMxAX7oVsE+nDtAJ4hajYlH0xPlaRvo4r/fz08K6pPeZvbiqS9nfNbzfIgLFmNX+FL9qR9ZR5PA==",
        "dependencies": {
          "Newtonsoft.Json": "11.0.2",
          "System.Text.Encodings.Web": "4.7.0"
        }
      },
      "Newtonsoft.Json": {
        "type": "Transitive",
        "resolved": "11.0.2",
        "contentHash": "IvJe1pj7JHEsP8B8J8DwlMEx8UInrs/x+9oVY+oCD13jpLu4JbJU2WCIsMRn5C4yW9+DgkaO8uiVE5VHKjpmdQ=="
      },
      "System.Text.Encodings.Web": {
        "type": "Transitive",
        "resolved": "4.7.0",
        "contentHash": "IJanJWPQvya2sbGStt3Fkdy4IaomUBSadAfYWeJDQw0zclMk9ixSvMeei6cSmTTQ6ZkGIIAbhHZVCoLR7GgX7Q=="
      }
    }
  }
}