{
  "version": 1,
  "dependencies": {
    ".NETCoreApp,Version=v3.1": {
      "IdentityModel": {
        "type": "Direct",
        "requested": "[5.1.0, )",
        "resolved": "5.1.0",
        "contentHash": "Gcv4YYXncvUvTNLF8lDJyItZzaEDFcEi3geMDtylGcl/Rx90vcV7Kv3yAofktJBW7GvmIjQgC8LtUq0s9XQT2w==",
        "dependencies": {
          "System.Text.Encodings.Web": "5.0.1",
          "System.Text.Json": "5.0.1"
        }
      },
      "System.Text.Encodings.Web": {
        "type": "Transitive",
        "resolved": "5.0.1",
        "contentHash": "KmJ+CJXizDofbq6mpqDoRRLcxgOd2z9X3XoFNULSbvbqVRZkFX3istvr+MUjL6Zw1RT+RNdoI4GYidIINtgvqQ=="
      },
      "System.Text.Json": {
        "type": "Transitive",
        "resolved": "5.0.1",
        "contentHash": "/UM3UK1dXKl8Ybysg/21gM4S8DJgkR+yLU8JwqCVbuNqQNImelntgYFAN5QxR8sJJ1kMx//hOUdf0lltosi8cQ=="
      }
    }
  }
}