{
  "version": 1,
  "dependencies": {
    ".NETCoreApp,Version=v3.1": {
      "IdentityModel": {
        "type": "Direct",
        "requested": "[4.6.0, )",
        "resolved": "4.6.0",
        "contentHash": "p0vnXWU3e7lFXY6MAUtEBPcXB29LArU+BcqEEVu7LdPW6yD07/uURtnl8q6oT1crC8fjTTRSPbRzFuOGAz/i3w==",
        "dependencies": {
          "Newtonsoft.Json": "11.0.2",
          "System.Text.Encodings.Web": "5.0.0"
        }
      },
      "Newtonsoft.Json": {
        "type": "Transitive",
        "resolved": "11.0.2",
        "contentHash": "IvJe1pj7JHEsP8B8J8DwlMEx8UInrs/x+9oVY+oCD13jpLu4JbJU2WCIsMRn5C4yW9+DgkaO8uiVE5VHKjpmdQ=="
      },
      "System.Text.Encodings.Web": {
        "type": "Transitive",
        "resolved": "5.0.0",
        "contentHash": "EEslUvHKll1ftizbn20mX3Ix/l4Ygk/bdJ2LY6/X6FlGaP0RIhKMo9nS6JIGnKKT6KBP2PGj6JC3B9/ZF6ErqQ=="
      }
    }
  }
}